
Microsoft Visual Studio Solution File, Format Version 12.00
# Visual Studio 15
VisualStudioVersion = 15.0.28010.2046
MinimumVisualStudioVersion = 10.0.40219.1
Project("{FAE04EC0-301F-11D3-BF4B-00C04F79EFBC}") = "CardGame.Web", "CardGame.Web\CardGame.Web.csproj", "{90D3810C-0C67-45D0-AA90-752CAF40D57E}"
EndProject
Project("{FAE04EC0-301F-11D3-BF4B-00C04F79EFBC}") = "CardGame.Domain", "CardGame.Domain\CardGame.Domain.csproj", "{F63A90FF-31D0-4ABE-B9E4-7818226E700C}"
EndProject
Project("{FAE04EC0-301F-11D3-BF4B-00C04F79EFBC}") = "CardGame.Application", "CardGame.Application\CardGame.Application.csproj", "{54F00D03-31D9-4AC4-80CB-DDBE46F5D154}"
EndProject
Project("{FAE04EC0-301F-11D3-BF4B-00C04F79EFBC}") = "CardGame.Application.Tests", "CardGame.Application.Tests\CardGame.Application.Tests.csproj", "{7986E828-3C76-4248-90D8-74831FD709E4}"
EndProject
Global
	GlobalSection(SolutionConfigurationPlatforms) = preSolution
		Debug|Any CPU = Debug|Any CPU
		Release|Any CPU = Release|Any CPU
	EndGlobalSection
	GlobalSection(ProjectConfigurationPlatforms) = postSolution
		{90D3810C-0C67-45D0-AA90-752CAF40D57E}.Debug|Any CPU.ActiveCfg = Debug|Any CPU
		{90D3810C-0C67-45D0-AA90-752CAF40D57E}.Debug|Any CPU.Build.0 = Debug|Any CPU
		{90D3810C-0C67-45D0-AA90-752CAF40D57E}.Release|Any CPU.ActiveCfg = Release|Any CPU
		{90D3810C-0C67-45D0-AA90-752CAF40D57E}.Release|Any CPU.Build.0 = Release|Any CPU
		{F63A90FF-31D0-4ABE-B9E4-7818226E700C}.Debug|Any CPU.ActiveCfg = Debug|Any CPU
		{F63A90FF-31D0-4ABE-B9E4-7818226E700C}.Debug|Any CPU.Build.0 = Debug|Any CPU
		{F63A90FF-31D0-4ABE-B9E4-7818226E700C}.Release|Any CPU.ActiveCfg = Release|Any CPU
		{F63A90FF-31D0-4ABE-B9E4-7818226E700C}.Release|Any CPU.Build.0 = Release|Any CPU
		{54F00D03-31D9-4AC4-80CB-DDBE46F5D154}.Debug|Any CPU.ActiveCfg = Debug|Any CPU
		{54F00D03-31D9-4AC4-80CB-DDBE46F5D154}.Debug|Any CPU.Build.0 = Debug|Any CPU
		{54F00D03-31D9-4AC4-80CB-DDBE46F5D154}.Release|Any CPU.ActiveCfg = Release|Any CPU
		{54F00D03-31D9-4AC4-80CB-DDBE46F5D154}.Release|Any CPU.Build.0 = Release|Any CPU
		{7986E828-3C76-4248-90D8-74831FD709E4}.Debug|Any CPU.ActiveCfg = Debug|Any CPU
		{7986E828-3C76-4248-90D8-74831FD709E4}.Debug|Any CPU.Build.0 = Debug|Any CPU
		{7986E828-3C76-4248-90D8-74831FD709E4}.Release|Any CPU.ActiveCfg = Release|Any CPU
		{7986E828-3C76-4248-90D8-74831FD709E4}.Release|Any CPU.Build.0 = Release|Any CPU
	EndGlobalSection
	GlobalSection(SolutionProperties) = preSolution
		HideSolutionNode = FALSE
	EndGlobalSection
	GlobalSection(ExtensibilityGlobals) = postSolution
		SolutionGuid = {EA2CBC31-8823-4D7D-87A5-5AE629E00293}
	EndGlobalSection
EndGlobal
